
Microsoft Visual Studio Solution File, Format Version 12.00
# Visual Studio Version 17
VisualStudioVersion = 17.0.31903.59
MinimumVisualStudioVersion = 10.0.40219.1
Project("{2150E333-8FDC-42A3-9474-1A3956D46DE8}") = "Account", "Account", "{AB544514-002D-4ABF-B67D-8E7619D20035}"
EndProject
Project("{FAE04EC0-301F-11D3-BF4B-00C04F79EFBC}") = "Account.Application", "Account\Account.Application\Account.Application.csproj", "{DEAF3E12-B224-473D-88D1-61075AACD6A3}"
EndProject
Project("{FAE04EC0-301F-11D3-BF4B-00C04F79EFBC}") = "Account.Domain", "Account\Account.Domain\Account.Domain.csproj", "{7E9B25A8-08D2-455B-8F65-63FE9C4C74F4}"
EndProject
Project("{FAE04EC0-301F-11D3-BF4B-00C04F79EFBC}") = "Account.Grpc", "Account\Account.Grpc\Account.Grpc.csproj", "{4274AACE-CDEC-4128-ABD8-02E749CB5194}"
EndProject
Project("{FAE04EC0-301F-11D3-BF4B-00C04F79EFBC}") = "Account.Infrastructure", "Account\Account.Infrastructure\Account.Infrastructure.csproj", "{60764BAD-15B7-4848-AF90-9E6F0ED98644}"
EndProject
Project("{2150E333-8FDC-42A3-9474-1A3956D46DE8}") = "BFF", "BFF", "{D1C7C472-5C1B-4794-A921-F6211BBD5CCF}"
EndProject
Project("{FAE04EC0-301F-11D3-BF4B-00C04F79EFBC}") = "BFF.Gateway", "BFF\BFF.Gateway\BFF.Gateway.csproj", "{9362B7A8-BAFF-4DD5-82E8-8F7B0EBA706F}"
EndProject
Project("{2150E333-8FDC-42A3-9474-1A3956D46DE8}") = "Common", "Common", "{3F1D3E50-BBB1-409C-8F43-EFB53873F6B6}"
EndProject
Project("{FAE04EC0-301F-11D3-BF4B-00C04F79EFBC}") = "Common.Library", "Common\Common.Library\Common.Library.csproj", "{055B8A91-0A12-4788-BF8B-B187F3C53077}"
EndProject
Project("{2150E333-8FDC-42A3-9474-1A3956D46DE8}") = "Todo", "Todo", "{850A7FA8-E6C1-4B14-9F61-8BDFD0BDD168}"
EndProject
Project("{FAE04EC0-301F-11D3-BF4B-00C04F79EFBC}") = "Todo.Application", "Todo\Todo.Application\Todo.Application.csproj", "{6F7F2019-F389-4BC0-9DF3-35F96D51EC9B}"
EndProject
Project("{FAE04EC0-301F-11D3-BF4B-00C04F79EFBC}") = "Todo.Domain", "Todo\Todo.Domain\Todo.Domain.csproj", "{9DEB0836-C853-4F7B-A359-64E6EB196D2B}"
EndProject
Project("{FAE04EC0-301F-11D3-BF4B-00C04F79EFBC}") = "Todo.Grpc", "Todo\Todo.Grpc\Todo.Grpc.csproj", "{D92228CE-ED56-47EC-B0EB-B5B95FEA017F}"
EndProject
Project("{FAE04EC0-301F-11D3-BF4B-00C04F79EFBC}") = "Todo.Infrastructure", "Todo\Todo.Infrastructure\Todo.Infrastructure.csproj", "{D8C63034-F5BB-47D9-B6C3-F54C61EC031F}"
EndProject
Project("{FAE04EC0-301F-11D3-BF4B-00C04F79EFBC}") = "Account.GraphQL", "Account\Account.GraphQL\Account.GraphQL.csproj", "{8C813BB4-2FE1-4964-B005-0C6572A08371}"
EndProject
Project("{FAE04EC0-301F-11D3-BF4B-00C04F79EFBC}") = "Todo.GraphQL", "Todo\Todo.GraphQL\Todo.GraphQL.csproj", "{0FCD42F6-7358-41B0-B375-B844E07D585B}"
EndProject
Project("{FAE04EC0-301F-11D3-BF4B-00C04F79EFBC}") = "GraphQL.Gateway", "BFF\GraphQL.Gateway\GraphQL.Gateway.csproj", "{4CDC2C1F-2C11-435D-814E-923DC1C52617}"
EndProject
Global
	GlobalSection(SolutionConfigurationPlatforms) = preSolution
		Debug|Any CPU = Debug|Any CPU
		Release|Any CPU = Release|Any CPU
	EndGlobalSection
	GlobalSection(SolutionProperties) = preSolution
		HideSolutionNode = FALSE
	EndGlobalSection
	GlobalSection(ProjectConfigurationPlatforms) = postSolution
		{DEAF3E12-B224-473D-88D1-61075AACD6A3}.Debug|Any CPU.ActiveCfg = Debug|Any CPU
		{DEAF3E12-B224-473D-88D1-61075AACD6A3}.Debug|Any CPU.Build.0 = Debug|Any CPU
		{DEAF3E12-B224-473D-88D1-61075AACD6A3}.Release|Any CPU.ActiveCfg = Release|Any CPU
		{DEAF3E12-B224-473D-88D1-61075AACD6A3}.Release|Any CPU.Build.0 = Release|Any CPU
		{7E9B25A8-08D2-455B-8F65-63FE9C4C74F4}.Debug|Any CPU.ActiveCfg = Debug|Any CPU
		{7E9B25A8-08D2-455B-8F65-63FE9C4C74F4}.Debug|Any CPU.Build.0 = Debug|Any CPU
		{7E9B25A8-08D2-455B-8F65-63FE9C4C74F4}.Release|Any CPU.ActiveCfg = Release|Any CPU
		{7E9B25A8-08D2-455B-8F65-63FE9C4C74F4}.Release|Any CPU.Build.0 = Release|Any CPU
		{4274AACE-CDEC-4128-ABD8-02E749CB5194}.Debug|Any CPU.ActiveCfg = Debug|Any CPU
		{4274AACE-CDEC-4128-ABD8-02E749CB5194}.Debug|Any CPU.Build.0 = Debug|Any CPU
		{4274AACE-CDEC-4128-ABD8-02E749CB5194}.Release|Any CPU.ActiveCfg = Release|Any CPU
		{4274AACE-CDEC-4128-ABD8-02E749CB5194}.Release|Any CPU.Build.0 = Release|Any CPU
		{60764BAD-15B7-4848-AF90-9E6F0ED98644}.Debug|Any CPU.ActiveCfg = Debug|Any CPU
		{60764BAD-15B7-4848-AF90-9E6F0ED98644}.Debug|Any CPU.Build.0 = Debug|Any CPU
		{60764BAD-15B7-4848-AF90-9E6F0ED98644}.Release|Any CPU.ActiveCfg = Release|Any CPU
		{60764BAD-15B7-4848-AF90-9E6F0ED98644}.Release|Any CPU.Build.0 = Release|Any CPU
		{9362B7A8-BAFF-4DD5-82E8-8F7B0EBA706F}.Debug|Any CPU.ActiveCfg = Debug|Any CPU
		{9362B7A8-BAFF-4DD5-82E8-8F7B0EBA706F}.Debug|Any CPU.Build.0 = Debug|Any CPU
		{9362B7A8-BAFF-4DD5-82E8-8F7B0EBA706F}.Release|Any CPU.ActiveCfg = Release|Any CPU
		{9362B7A8-BAFF-4DD5-82E8-8F7B0EBA706F}.Release|Any CPU.Build.0 = Release|Any CPU
		{055B8A91-0A12-4788-BF8B-B187F3C53077}.Debug|Any CPU.ActiveCfg = Debug|Any CPU
		{055B8A91-0A12-4788-BF8B-B187F3C53077}.Debug|Any CPU.Build.0 = Debug|Any CPU
		{055B8A91-0A12-4788-BF8B-B187F3C53077}.Release|Any CPU.ActiveCfg = Release|Any CPU
		{055B8A91-0A12-4788-BF8B-B187F3C53077}.Release|Any CPU.Build.0 = Release|Any CPU
		{6F7F2019-F389-4BC0-9DF3-35F96D51EC9B}.Debug|Any CPU.ActiveCfg = Debug|Any CPU
		{6F7F2019-F389-4BC0-9DF3-35F96D51EC9B}.Debug|Any CPU.Build.0 = Debug|Any CPU
		{6F7F2019-F389-4BC0-9DF3-35F96D51EC9B}.Release|Any CPU.ActiveCfg = Release|Any CPU
		{6F7F2019-F389-4BC0-9DF3-35F96D51EC9B}.Release|Any CPU.Build.0 = Release|Any CPU
		{9DEB0836-C853-4F7B-A359-64E6EB196D2B}.Debug|Any CPU.ActiveCfg = Debug|Any CPU
		{9DEB0836-C853-4F7B-A359-64E6EB196D2B}.Debug|Any CPU.Build.0 = Debug|Any CPU
		{9DEB0836-C853-4F7B-A359-64E6EB196D2B}.Release|Any CPU.ActiveCfg = Release|Any CPU
		{9DEB0836-C853-4F7B-A359-64E6EB196D2B}.Release|Any CPU.Build.0 = Release|Any CPU
		{D92228CE-ED56-47EC-B0EB-B5B95FEA017F}.Debug|Any CPU.ActiveCfg = Debug|Any CPU
		{D92228CE-ED56-47EC-B0EB-B5B95FEA017F}.Debug|Any CPU.Build.0 = Debug|Any CPU
		{D92228CE-ED56-47EC-B0EB-B5B95FEA017F}.Release|Any CPU.ActiveCfg = Release|Any CPU
		{D92228CE-ED56-47EC-B0EB-B5B95FEA017F}.Release|Any CPU.Build.0 = Release|Any CPU
		{D8C63034-F5BB-47D9-B6C3-F54C61EC031F}.Debug|Any CPU.ActiveCfg = Debug|Any CPU
		{D8C63034-F5BB-47D9-B6C3-F54C61EC031F}.Debug|Any CPU.Build.0 = Debug|Any CPU
		{D8C63034-F5BB-47D9-B6C3-F54C61EC031F}.Release|Any CPU.ActiveCfg = Release|Any CPU
		{D8C63034-F5BB-47D9-B6C3-F54C61EC031F}.Release|Any CPU.Build.0 = Release|Any CPU
		{8C813BB4-2FE1-4964-B005-0C6572A08371}.Debug|Any CPU.ActiveCfg = Debug|Any CPU
		{8C813BB4-2FE1-4964-B005-0C6572A08371}.Debug|Any CPU.Build.0 = Debug|Any CPU
		{8C813BB4-2FE1-4964-B005-0C6572A08371}.Release|Any CPU.ActiveCfg = Release|Any CPU
		{8C813BB4-2FE1-4964-B005-0C6572A08371}.Release|Any CPU.Build.0 = Release|Any CPU
		{0FCD42F6-7358-41B0-B375-B844E07D585B}.Debug|Any CPU.ActiveCfg = Debug|Any CPU
		{0FCD42F6-7358-41B0-B375-B844E07D585B}.Debug|Any CPU.Build.0 = Debug|Any CPU
		{0FCD42F6-7358-41B0-B375-B844E07D585B}.Release|Any CPU.ActiveCfg = Release|Any CPU
		{0FCD42F6-7358-41B0-B375-B844E07D585B}.Release|Any CPU.Build.0 = Release|Any CPU
		{4CDC2C1F-2C11-435D-814E-923DC1C52617}.Debug|Any CPU.ActiveCfg = Debug|Any CPU
		{4CDC2C1F-2C11-435D-814E-923DC1C52617}.Debug|Any CPU.Build.0 = Debug|Any CPU
		{4CDC2C1F-2C11-435D-814E-923DC1C52617}.Release|Any CPU.ActiveCfg = Release|Any CPU
		{4CDC2C1F-2C11-435D-814E-923DC1C52617}.Release|Any CPU.Build.0 = Release|Any CPU
	EndGlobalSection
	GlobalSection(NestedProjects) = preSolution
		{DEAF3E12-B224-473D-88D1-61075AACD6A3} = {AB544514-002D-4ABF-B67D-8E7619D20035}
		{7E9B25A8-08D2-455B-8F65-63FE9C4C74F4} = {AB544514-002D-4ABF-B67D-8E7619D20035}
		{4274AACE-CDEC-4128-ABD8-02E749CB5194} = {AB544514-002D-4ABF-B67D-8E7619D20035}
		{60764BAD-15B7-4848-AF90-9E6F0ED98644} = {AB544514-002D-4ABF-B67D-8E7619D20035}
		{9362B7A8-BAFF-4DD5-82E8-8F7B0EBA706F} = {D1C7C472-5C1B-4794-A921-F6211BBD5CCF}
		{055B8A91-0A12-4788-BF8B-B187F3C53077} = {3F1D3E50-BBB1-409C-8F43-EFB53873F6B6}
		{6F7F2019-F389-4BC0-9DF3-35F96D51EC9B} = {850A7FA8-E6C1-4B14-9F61-8BDFD0BDD168}
		{9DEB0836-C853-4F7B-A359-64E6EB196D2B} = {850A7FA8-E6C1-4B14-9F61-8BDFD0BDD168}
		{D92228CE-ED56-47EC-B0EB-B5B95FEA017F} = {850A7FA8-E6C1-4B14-9F61-8BDFD0BDD168}
		{D8C63034-F5BB-47D9-B6C3-F54C61EC031F} = {850A7FA8-E6C1-4B14-9F61-8BDFD0BDD168}
		{8C813BB4-2FE1-4964-B005-0C6572A08371} = {AB544514-002D-4ABF-B67D-8E7619D20035}
		{0FCD42F6-7358-41B0-B375-B844E07D585B} = {850A7FA8-E6C1-4B14-9F61-8BDFD0BDD168}
		{4CDC2C1F-2C11-435D-814E-923DC1C52617} = {D1C7C472-5C1B-4794-A921-F6211BBD5CCF}
	EndGlobalSection
EndGlobal
